{
  "name": "doc-for-agent",
  "version": "0.2.0-dev.0",
  "lockfileVersion": 3,
  "requires": true,
  "packages": {
    "": {
      "name": "doc-for-agent",
      "version": "0.2.0-dev.0",
      "license": "MIT",
      "bin": {
        "doc-for-agent": "doc-for-agent/installer/node/docagent.js",
        "docagent": "doc-for-agent/installer/node/docagent.js"
      },
      "engines": {
        "node": ">=18"
      }
    }
  }
}
